<Solution>
  <Folder Name="/benchmark/">
    <Project Path="benchmark/QueryFarm.VgiRpc.Benchmark/QueryFarm.VgiRpc.Benchmark.csproj" />
    <Project Path="benchmark/QueryFarm.VgiRpc.BenchmarkWorker/QueryFarm.VgiRpc.BenchmarkWorker.csproj" />
  </Folder>
  <Folder Name="/conformance/">
    <Project Path="conformance/QueryFarm.VgiRpc.ConformanceClientDriver/QueryFarm.VgiRpc.ConformanceClientDriver.csproj" />
    <Project Path="conformance/QueryFarm.VgiRpc.Conformance/QueryFarm.VgiRpc.Conformance.csproj" />
    <Project Path="conformance/QueryFarm.VgiRpc.ConformanceWorker/QueryFarm.VgiRpc.ConformanceWorker.csproj" />
    <Project Path="conformance/QueryFarm.VgiRpc.Tailnet/QueryFarm.VgiRpc.Tailnet.csproj" />
  </Folder>
  <Folder Name="/examples/">
    <Project Path="examples/01-hello-world/HelloWorld.csproj" />
    <Project Path="examples/02-structured-types/StructuredTypes.csproj" />
    <Project Path="examples/03-subprocess/Worker/Worker.csproj" />
    <Project Path="examples/03-subprocess/Client/SubprocessClient.csproj" />
    <Project Path="examples/04-http/Server/HttpServer.csproj" />
    <Project Path="examples/04-http/Client/HttpClientExample.csproj" />
  </Folder>
  <Folder Name="/src/">
    <Project Path="src/QueryFarm.VgiRpc.Client/QueryFarm.VgiRpc.Client.csproj" />
    <Project Path="src/QueryFarm.VgiRpc.Client.Http/QueryFarm.VgiRpc.Client.Http.csproj" />
    <Project Path="src/QueryFarm.VgiRpc.Client.OAuth/QueryFarm.VgiRpc.Client.OAuth.csproj" />
    <Project Path="src/QueryFarm.VgiRpc.Gcs/QueryFarm.VgiRpc.Gcs.csproj" />
    <Project Path="src/QueryFarm.VgiRpc.Http.OAuth/QueryFarm.VgiRpc.Http.OAuth.csproj" />
    <Project Path="src/QueryFarm.VgiRpc.Http/QueryFarm.VgiRpc.Http.csproj" />
    <Project Path="src/QueryFarm.VgiRpc.OpenTelemetry/QueryFarm.VgiRpc.OpenTelemetry.csproj" />
    <Project Path="src/QueryFarm.VgiRpc.S3/QueryFarm.VgiRpc.S3.csproj" />
    <Project Path="src/QueryFarm.VgiRpc.Sentry/QueryFarm.VgiRpc.Sentry.csproj" />
    <Project Path="src/QueryFarm.VgiRpc/QueryFarm.VgiRpc.csproj" />
  </Folder>
  <Folder Name="/test/">
    <Project Path="test/QueryFarm.VgiRpc.Http.OAuth.Tests/QueryFarm.VgiRpc.Http.OAuth.Tests.csproj" />
    <Project Path="test/QueryFarm.VgiRpc.Http.Tests/QueryFarm.VgiRpc.Http.Tests.csproj" />
    <Project Path="test/QueryFarm.VgiRpc.OpenTelemetry.Tests/QueryFarm.VgiRpc.OpenTelemetry.Tests.csproj" />
    <Project Path="test/QueryFarm.VgiRpc.Sentry.Tests/QueryFarm.VgiRpc.Sentry.Tests.csproj" />
    <Project Path="test/QueryFarm.VgiRpc.Tests/QueryFarm.VgiRpc.Tests.csproj" />
  </Folder>
  <Folder Name="/third_party/" />
  <Folder Name="/third_party/apache-arrow-dotnet/" />
  <Folder Name="/third_party/apache-arrow-dotnet/src/">
    <Project Path="third_party/apache-arrow-dotnet/src/Apache.Arrow.Scalars/Apache.Arrow.Scalars.csproj" />
    <Project Path="third_party/apache-arrow-dotnet/src/Apache.Arrow/Apache.Arrow.csproj" />
  </Folder>
</Solution>
